
Microsoft Visual Studio Solution File, Format Version 12.00
# Visual Studio Version 17
VisualStudioVersion = 17.3.32819.101
MinimumVisualStudioVersion = 10.0.40219.1
Project("{FAE04EC0-301F-11D3-BF4B-00C04F79EFBC}") = "CastToTheSame", "CastToTheSame\CastToTheSame.csproj", "{6DAC4462-44FF-4318-81E4-BA2C9C5EA198}"
EndProject
Global
	GlobalSection(SolutionConfigurationPlatforms) = preSolution
		Debug|Any CPU = Debug|Any CPU
		Release|Any CPU = Release|Any CPU
	EndGlobalSection
	GlobalSection(ProjectConfigurationPlatforms) = postSolution
		{6DAC4462-44FF-4318-81E4-BA2C9C5EA198}.Debug|Any CPU.ActiveCfg = Debug|Any CPU
		{6DAC4462-44FF-4318-81E4-BA2C9C5EA198}.Debug|Any CPU.Build.0 = Debug|Any CPU
		{6DAC4462-44FF-4318-81E4-BA2C9C5EA198}.Release|Any CPU.ActiveCfg = Release|Any CPU
		{6DAC4462-44FF-4318-81E4-BA2C9C5EA198}.Release|Any CPU.Build.0 = Release|Any CPU
	EndGlobalSection
	GlobalSection(SolutionProperties) = preSolution
		HideSolutionNode = FALSE
	EndGlobalSection
	GlobalSection(ExtensibilityGlobals) = postSolution
		SolutionGuid = {18C47FEC-CB25-427C-9CBA-F69C76757CC2}
	EndGlobalSection
EndGlobal
